
Microsoft Visual Studio Solution File, Format Version 12.00
# Visual Studio Version 17
VisualStudioVersion = 17.10.34916.146
MinimumVisualStudioVersion = 10.0.40219.1
Project("{FAE04EC0-301F-11D3-BF4B-00C04F79EFBC}") = "Agenda", "Agenda.csproj", "{FE561945-4589-4D4E-AFFD-09631EE69362}"
EndProject
Global
	GlobalSection(SolutionConfigurationPlatforms) = preSolution
		Debug|Any CPU = Debug|Any CPU
		Release|Any CPU = Release|Any CPU
	EndGlobalSection
	GlobalSection(ProjectConfigurationPlatforms) = postSolution
		{FE561945-4589-4D4E-AFFD-09631EE69362}.Debug|Any CPU.ActiveCfg = Debug|Any CPU
		{FE561945-4589-4D4E-AFFD-09631EE69362}.Debug|Any CPU.Build.0 = Debug|Any CPU
		{FE561945-4589-4D4E-AFFD-09631EE69362}.Release|Any CPU.ActiveCfg = Release|Any CPU
		{FE561945-4589-4D4E-AFFD-09631EE69362}.Release|Any CPU.Build.0 = Release|Any CPU
	EndGlobalSection
	GlobalSection(SolutionProperties) = preSolution
		HideSolutionNode = FALSE
	EndGlobalSection
	GlobalSection(ExtensibilityGlobals) = postSolution
		SolutionGuid = {DF3008AC-3747-469E-8E10-A6E305D62CC2}
	EndGlobalSection
EndGlobal
